// !$*UTF8*$!
{
	archiveVersion = 1;
	classes = {
	};
	objectVersion = 56;
	objects = {

/* Begin PBXBuildFile section */
		CF15A0E829B6BDB20088DA99 /* AppDelegate.swift in Sources */ = {isa = PBXBuildFile; fileRef = CF15A0E729B6BDB20088DA99 /* AppDelegate.swift */; };
		CF15A0EA29B6BDB20088DA99 /* SceneDelegate.swift in Sources */ = {isa = PBXBuildFile; fileRef = CF15A0E929B6BDB20088DA99 /* SceneDelegate.swift */; };
		CF15A0EC29B6BDB20088DA99 /* ViewController.swift in Sources */ = {isa = PBXBuildFile; fileRef = CF15A0EB29B6BDB20088DA99 /* ViewController.swift */; };
		CF15A0EF29B6BDB20088DA99 /* Main.storyboard in Resources */ = {isa = PBXBuildFile; fileRef = CF15A0ED29B6BDB20088DA99 /* Main.storyboard */; };
		CF15A0F129B6BDB40088DA99 /* Assets.xcassets in Resources */ = {isa = PBXBuildFile; fileRef = CF15A0F029B6BDB40088DA99 /* Assets.xcassets */; };
		CF15A0F429B6BDB40088DA99 /* LaunchScreen.storyboard in Resources */ = {isa = PBXBuildFile; fileRef = CF15A0F229B6BDB40088DA99 /* LaunchScreen.storyboard */; };
		CF15A0FF29B6BDB40088DA99 /* ProjectWithGithubTests.swift in Sources */ = {isa = PBXBuildFile; fileRef = CF15A0FE29B6BDB40088DA99 /* ProjectWithGithubTests.swift */; };
		CF15A10929B6BDB40088DA99 /* ProjectWithGithubUITests.swift in Sources */ = {isa = PBXBuildFile; fileRef = CF15A10829B6BDB40088DA99 /* ProjectWithGithubUITests.swift */; };
		CF15A10B29B6BDB40088DA99 /* ProjectWithGithubUITestsLaunchTests.swift in Sources */ = {isa = PBXBuildFile; fileRef = CF15A10A29B6BDB40088DA99 /* ProjectWithGithubUITestsLaunchTests.swift */; };
/* End PBXBuildFile section */

/* Begin PBXContainerItemProxy section */
		CF15A0FB29B6BDB40088DA99 /* PBXContainerItemProxy */ = {
			isa = PBXContainerItemProxy;
			containerPortal = CF15A0DC29B6BDB10088DA99 /* Project object */;
			proxyType = 1;
			remoteGlobalIDString = CF15A0E329B6BDB10088DA99;
			remoteInfo = ProjectWithGithub;
		};
		CF15A10529B6BDB40088DA99 /* PBXContainerItemProxy */ = {
			isa = PBXContainerItemProxy;
			containerPortal = CF15A0DC29B6BDB10088DA99 /* Project object */;
			proxyType = 1;
			remoteGlobalIDString = CF15A0E329B6BDB10088DA99;
			remoteInfo = ProjectWithGithub;
		};
/* End PBXContainerItemProxy section */

/* Begin PBXFileReference section */
		CF15A0E429B6BDB10088DA99 /* ProjectWithGithub.app */ = {isa = PBXFileReference; explicitFileType = wrapper.application; includeInIndex = 0; path = ProjectWithGithub.app; sourceTree = BUILT_PRODUCTS_DIR; };
		CF15A0E729B6BDB20088DA99 /* AppDelegate.swift */ = {isa = PBXFileReference; lastKnownFileType = sourcecode.swift; path = AppDelegate.swift; sourceTree = "<group>"; };
		CF15A0E929B6BDB20088DA99 /* SceneDelegate.swift */ = {isa = PBXFileReference; lastKnownFileType = sourcecode.swift; path = SceneDelegate.swift; sourceTree = "<group>"; };
		CF15A0EB29B6BDB20088DA99 /* ViewController.swift */ = {isa = PBXFileReference; lastKnownFileType = sourcecode.swift; path = ViewController.swift; sourceTree = "<group>"; };
		CF15A0EE29B6BDB20088DA99 /* Base */ = {isa = PBXFileReference; lastKnownFileType = file.storyboard; name = Base; path = Base.lproj/Main.storyboard; sourceTree = "<group>"; };
		CF15A0F029B6BDB40088DA99 /* Assets.xcassets */ = {isa = PBXFileReference; lastKnownFileType = folder.assetcatalog; path = Assets.xcassets; sourceTree = "<group>"; };
		CF15A0F329B6BDB40088DA99 /* Base */ = {isa = PBXFileReference; lastKnownFileType = file.storyboard; name = Base; path = Base.lproj/LaunchScreen.storyboard; sourceTree = "<group>"; };
		CF15A0F529B6BDB40088DA99 /* Info.plist */ = {isa = PBXFileReference; lastKnownFileType = text.plist.xml; path = Info.plist; sourceTree = "<group>"; };
		CF15A0FA29B6BDB40088DA99 /* ProjectWithGithubTests.xctest */ = {isa = PBXFileReference; explicitFileType = wrapper.cfbundle; includeInIndex = 0; path = ProjectWithGithubTests.xctest; sourceTree = BUILT_PRODUCTS_DIR; };
		CF15A0FE29B6BDB40088DA99 /* ProjectWithGithubTests.swift */ = {isa = PBXFileReference; lastKnownFileType = sourcecode.swift; path = ProjectWithGithubTests.swift; sourceTree = "<group>"; };
		CF15A10429B6BDB40088DA99 /* ProjectWithGithubUITests.xctest */ = {isa = PBXFileReference; explicitFileType = wrapper.cfbundle; includeInIndex = 0; path = ProjectWithGithubUITests.xctest; sourceTree = BUILT_PRODUCTS_DIR; };
		CF15A10829B6BDB40088DA99 /* ProjectWithGithubUITests.swift */ = {isa = PBXFileReference; lastKnownFileType = sourcecode.swift; path = ProjectWithGithubUITests.swift; sourceTree = "<group>"; };
		CF15A10A29B6BDB40088DA99 /* ProjectWithGithubUITestsLaunchTests.swift */ = {isa = PBXFileReference; lastKnownFileType = sourcecode.swift; path = ProjectWithGithubUITestsLaunchTests.swift; sourceTree = "<group>"; };
/* End PBXFileReference section */

/* Begin PBXFrameworksBuildPhase section */
		CF15A0E129B6BDB10088DA99 /* Frameworks */ = {
			isa = PBXFrameworksBuildPhase;
			buildActionMask = 2147483647;
			files = (
			);
			runOnlyForDeploymentPostprocessing = 0;
		};
		CF15A0F729B6BDB40088DA99 /* Frameworks */ = {
			isa = PBXFrameworksBuildPhase;
			buildActionMask = 2147483647;
			files = (
			);
			runOnlyForDeploymentPostprocessing = 0;
		};
		CF15A10129B6BDB40088DA99 /* Frameworks */ = {
			isa = PBXFrameworksBuildPhase;
			buildActionMask = 2147483647;
			files = (
			);
			runOnlyForDeploymentPostprocessing = 0;
		};
/* End PBXFrameworksBuildPhase section */

/* Begin PBXGroup section */
		CF15A0DB29B6BDB10088DA99 = {
			isa = PBXGroup;
			children = (
				CF15A0E629B6BDB20088DA99 /* ProjectWithGithub */,
				CF15A0FD29B6BDB40088DA99 /* ProjectWithGithubTests */,
				CF15A10729B6BDB40088DA99 /* ProjectWithGithubUITests */,
				CF15A0E529B6BDB10088DA99 /* Products */,
			);
			sourceTree = "<group>";
		};
		CF15A0E529B6BDB10088DA99 /* Products */ = {
			isa = PBXGroup;
			children = (
				CF15A0E429B6BDB10088DA99 /* ProjectWithGithub.app */,
				CF15A0FA29B6BDB40088DA99 /* ProjectWithGithubTests.xctest */,
				CF15A10429B6BDB40088DA99 /* ProjectWithGithubUITests.xctest */,
			);
			name = Products;
			sourceTree = "<group>";
		};
		CF15A0E629B6BDB20088DA99 /* ProjectWithGithub */ = {
			isa = PBXGroup;
			children = (
				CF15A0E729B6BDB20088DA99 /* AppDelegate.swift */,
				CF15A0E929B6BDB20088DA99 /* SceneDelegate.swift */,
				CF15A0EB29B6BDB20088DA99 /* ViewController.swift */,
				CF15A0ED29B6BDB20088DA99 /* Main.storyboard */,
				CF15A0F029B6BDB40088DA99 /* Assets.xcassets */,
				CF15A0F229B6BDB40088DA99 /* LaunchScreen.storyboard */,
				CF15A0F529B6BDB40088DA99 /* Info.plist */,
			);
			path = ProjectWithGithub;
			sourceTree = "<group>";
		};
		CF15A0FD29B6BDB40088DA99 /* ProjectWithGithubTests */ = {
			isa = PBXGroup;
			children = (
				CF15A0FE29B6BDB40088DA99 /* ProjectWithGithubTests.swift */,
			);
			path = ProjectWithGithubTests;
			sourceTree = "<group>";
		};
		CF15A10729B6BDB40088DA99 /* ProjectWithGithubUITests */ = {
			isa = PBXGroup;
			children = (
				CF15A10829B6BDB40088DA99 /* ProjectWithGithubUITests.swift */,
				CF15A10A29B6BDB40088DA99 /* ProjectWithGithubUITestsLaunchTests.swift */,
			);
			path = ProjectWithGithubUITests;
			sourceTree = "<group>";
		};
/* End PBXGroup section */

/* Begin PBXNativeTarget section */
		CF15A0E329B6BDB10088DA99 /* ProjectWithGithub */ = {
			isa = PBXNativeTarget;
			buildConfigurationList = CF15A10E29B6BDB40088DA99 /* Build configuration list for PBXNativeTarget "ProjectWithGithub" */;
			buildPhases = (
				CF15A0E029B6BDB10088DA99 /* Sources */,
				CF15A0E129B6BDB10088DA99 /* Frameworks */,
				CF15A0E229B6BDB10088DA99 /* Resources */,
			);
			buildRules = (
			);
			dependencies = (
			);
			name = ProjectWithGithub;
			productName = ProjectWithGithub;
			productReference = CF15A0E429B6BDB10088DA99 /* ProjectWithGithub.app */;
			productType = "com.apple.product-type.application";
		};
		CF15A0F929B6BDB40088DA99 /* ProjectWithGithubTests */ = {
			isa = PBXNativeTarget;
			buildConfigurationList = CF15A11129B6BDB40088DA99 /* Build configuration list for PBXNativeTarget "ProjectWithGithubTests" */;
			buildPhases = (
				CF15A0F629B6BDB40088DA99 /* Sources */,
				CF15A0F729B6BDB40088DA99 /* Frameworks */,
				CF15A0F829B6BDB40088DA99 /* Resources */,
			);
			buildRules = (
			);
			dependencies = (
				CF15A0FC29B6BDB40088DA99 /* PBXTargetDependency */,
			);
			name = ProjectWithGithubTests;
			productName = ProjectWithGithubTests;
			productReference = CF15A0FA29B6BDB40088DA99 /* ProjectWithGithubTests.xctest */;
			productType = "com.apple.product-type.bundle.unit-test";
		};
		CF15A10329B6BDB40088DA99 /* ProjectWithGithubUITests */ = {
			isa = PBXNativeTarget;
			buildConfigurationList = CF15A11429B6BDB40088DA99 /* Build configuration list for PBXNativeTarget "ProjectWithGithubUITests" */;
			buildPhases = (
				CF15A10029B6BDB40088DA99 /* Sources */,
				CF15A10129B6BDB40088DA99 /* Frameworks */,
				CF15A10229B6BDB40088DA99 /* Resources */,
			);
			buildRules = (
			);
			dependencies = (
				CF15A10629B6BDB40088DA99 /* PBXTargetDependency */,
			);
			name = ProjectWithGithubUITests;
			productName = ProjectWithGithubUITests;
			productReference = CF15A10429B6BDB40088DA99 /* ProjectWithGithubUITests.xctest */;
			productType = "com.apple.product-type.bundle.ui-testing";
		};
/* End PBXNativeTarget section */

/* Begin PBXProject section */
		CF15A0DC29B6BDB10088DA99 /* Project object */ = {
			isa = PBXProject;
			attributes = {
				BuildIndependentTargetsInParallel = 1;
				LastSwiftUpdateCheck = 1400;
				LastUpgradeCheck = 1400;
				TargetAttributes = {
					CF15A0E329B6BDB10088DA99 = {
						CreatedOnToolsVersion = 14.0.1;
					};
					CF15A0F929B6BDB40088DA99 = {
						CreatedOnToolsVersion = 14.0.1;
						TestTargetID = CF15A0E329B6BDB10088DA99;
					};
					CF15A10329B6BDB40088DA99 = {
						CreatedOnToolsVersion = 14.0.1;
						TestTargetID = CF15A0E329B6BDB10088DA99;
					};
				};
			};
			buildConfigurationList = CF15A0DF29B6BDB10088DA99 /* Build configuration list for PBXProject "ProjectWithGithub" */;
			compatibilityVersion = "Xcode 14.0";
			developmentRegion = en;
			hasScannedForEncodings = 0;
			knownRegions = (
				en,
				Base,
			);
			mainGroup = CF15A0DB29B6BDB10088DA99;
			productRefGroup = CF15A0E529B6BDB10088DA99 /* Products */;
			projectDirPath = "";
			projectRoot = "";
			targets = (
				CF15A0E329B6BDB10088DA99 /* ProjectWithGithub */,
				CF15A0F929B6BDB40088DA99 /* ProjectWithGithubTests */,
				CF15A10329B6BDB40088DA99 /* ProjectWithGithubUITests */,
			);
		};
/* End PBXProject section */

/* Begin PBXResourcesBuildPhase section */
		CF15A0E229B6BDB10088DA99 /* Resources */ = {
			isa = PBXResourcesBuildPhase;
			buildActionMask = 2147483647;
			files = (
				CF15A0F429B6BDB40088DA99 /* LaunchScreen.storyboard in Resources */,
				CF15A0F129B6BDB40088DA99 /* Assets.xcassets in Resources */,
				CF15A0EF29B6BDB20088DA99 /* Main.storyboard in Resources */,
			);
			runOnlyForDeploymentPostprocessing = 0;
		};
		CF15A0F829B6BDB40088DA99 /* Resources */ = {
			isa = PBXResourcesBuildPhase;
			buildActionMask = 2147483647;
			files = (
			);
			runOnlyForDeploymentPostprocessing = 0;
		};
		CF15A10229B6BDB40088DA99 /* Resources */ = {
			isa = PBXResourcesBuildPhase;
			buildActionMask = 2147483647;
			files = (
			);
			runOnlyForDeploymentPostprocessing = 0;
		};
/* End PBXResourcesBuildPhase section */

/* Begin PBXSourcesBuildPhase section */
		CF15A0E029B6BDB10088DA99 /* Sources */ = {
			isa = PBXSourcesBuildPhase;
			buildActionMask = 2147483647;
			files = (
				CF15A0EC29B6BDB20088DA99 /* ViewController.swift in Sources */,
				CF15A0E829B6BDB20088DA99 /* AppDelegate.swift in Sources */,
				CF15A0EA29B6BDB20088DA99 /* SceneDelegate.swift in Sources */,
			);
			runOnlyForDeploymentPostprocessing = 0;
		};
		CF15A0F629B6BDB40088DA99 /* Sources */ = {
			isa = PBXSourcesBuildPhase;
			buildActionMask = 2147483647;
			files = (
				CF15A0FF29B6BDB40088DA99 /* ProjectWithGithubTests.swift in Sources */,
			);
			runOnlyForDeploymentPostprocessing = 0;
		};
		CF15A10029B6BDB40088DA99 /* Sources */ = {
			isa = PBXSourcesBuildPhase;
			buildActionMask = 2147483647;
			files = (
				CF15A10929B6BDB40088DA99 /* ProjectWithGithubUITests.swift in Sources */,
				CF15A10B29B6BDB40088DA99 /* ProjectWithGithubUITestsLaunchTests.swift in Sources */,
			);
			runOnlyForDeploymentPostprocessing = 0;
		};
/* End PBXSourcesBuildPhase section */

/* Begin PBXTargetDependency section */
		CF15A0FC29B6BDB40088DA99 /* PBXTargetDependency */ = {
			isa = PBXTargetDependency;
			target = CF15A0E329B6BDB10088DA99 /* ProjectWithGithub */;
			targetProxy = CF15A0FB29B6BDB40088DA99 /* PBXContainerItemProxy */;
		};
		CF15A10629B6BDB40088DA99 /* PBXTargetDependency */ = {
			isa = PBXTargetDependency;
			target = CF15A0E329B6BDB10088DA99 /* ProjectWithGithub */;
			targetProxy = CF15A10529B6BDB40088DA99 /* PBXContainerItemProxy */;
		};
/* End PBXTargetDependency section */

/* Begin PBXVariantGroup section */
		CF15A0ED29B6BDB20088DA99 /* Main.storyboard */ = {
			isa = PBXVariantGroup;
			children = (
				CF15A0EE29B6BDB20088DA99 /* Base */,
			);
			name = Main.storyboard;
			sourceTree = "<group>";
		};
		CF15A0F229B6BDB40088DA99 /* LaunchScreen.storyboard */ = {
			isa = PBXVariantGroup;
			children = (
				CF15A0F329B6BDB40088DA99 /* Base */,
			);
			name = LaunchScreen.storyboard;
			sourceTree = "<group>";
		};
/* End PBXVariantGroup section */

/* Begin XCBuildConfiguration section */
		CF15A10C29B6BDB40088DA99 /* Debug */ = {
			isa = XCBuildConfiguration;
			buildSettings = {
				ALWAYS_SEARCH_USER_PATHS = NO;
				CLANG_ANALYZER_NONNULL = YES;
				CLANG_ANALYZER_NUMBER_OBJECT_CONVERSION = YES_AGGRESSIVE;
				CLANG_CXX_LANGUAGE_STANDARD = "gnu++20";
				CLANG_ENABLE_MODULES = YES;
				CLANG_ENABLE_OBJC_ARC = YES;
				CLANG_ENABLE_OBJC_WEAK = YES;
				CLANG_WARN_BLOCK_CAPTURE_AUTORELEASING = YES;
				CLANG_WARN_BOOL_CONVERSION = YES;
				CLANG_WARN_COMMA = YES;
				CLANG_WARN_CONSTANT_CONVERSION = YES;
				CLANG_WARN_DEPRECATED_OBJC_IMPLEMENTATIONS = YES;
				CLANG_WARN_DIRECT_OBJC_ISA_USAGE = YES_ERROR;
				CLANG_WARN_DOCUMENTATION_COMMENTS = YES;
				CLANG_WARN_EMPTY_BODY = YES;
				CLANG_WARN_ENUM_CONVERSION = YES;
				CLANG_WARN_INFINITE_RECURSION = YES;
				CLANG_WARN_INT_CONVERSION = YES;
				CLANG_WARN_NON_LITERAL_NULL_CONVERSION = YES;
				CLANG_WARN_OBJC_IMPLICIT_RETAIN_SELF = YES;
				CLANG_WARN_OBJC_LITERAL_CONVERSION = YES;
				CLANG_WARN_OBJC_ROOT_CLASS = YES_ERROR;
				CLANG_WARN_QUOTED_INCLUDE_IN_FRAMEWORK_HEADER = YES;
				CLANG_WARN_RANGE_LOOP_ANALYSIS = YES;
				CLANG_WARN_STRICT_PROTOTYPES = YES;
				CLANG_WARN_SUSPICIOUS_MOVE = YES;
				CLANG_WARN_UNGUARDED_AVAILABILITY = YES_AGGRESSIVE;
				CLANG_WARN_UNREACHABLE_CODE = YES;
				CLANG_WARN__DUPLICATE_METHOD_MATCH = YES;
				COPY_PHASE_STRIP = NO;
				DEBUG_INFORMATION_FORMAT = dwarf;
				ENABLE_STRICT_OBJC_MSGSEND = YES;
				ENABLE_TESTABILITY = YES;
				GCC_C_LANGUAGE_STANDARD = gnu11;
				GCC_DYNAMIC_NO_PIC = NO;
				GCC_NO_COMMON_BLOCKS = YES;
				GCC_OPTIMIZATION_LEVEL = 0;
				GCC_PREPROCESSOR_DEFINITIONS = (
					"DEBUG=1",
					"$(inherited)",
				);
				GCC_WARN_64_TO_32_BIT_CONVERSION = YES;
				GCC_WARN_ABOUT_RETURN_TYPE = YES_ERROR;
				GCC_WARN_UNDECLARED_SELECTOR = YES;
				GCC_WARN_UNINITIALIZED_AUTOS = YES_AGGRESSIVE;
				GCC_WARN_UNUSED_FUNCTION = YES;
				GCC_WARN_UNUSED_VARIABLE = YES;
				IPHONEOS_DEPLOYMENT_TARGET = 16.0;
				MTL_ENABLE_DEBUG_INFO = INCLUDE_SOURCE;
				MTL_FAST_MATH = YES;
				ONLY_ACTIVE_ARCH = YES;
				SDKROOT = iphoneos;
				SWIFT_ACTIVE_COMPILATION_CONDITIONS = DEBUG;
				SWIFT_OPTIMIZATION_LEVEL = "-Onone";
			};
			name = Debug;
		};
		CF15A10D29B6BDB40088DA99 /* Release */ = {
			isa = XCBuildConfiguration;
			buildSettings = {
				ALWAYS_SEARCH_USER_PATHS = NO;
				CLANG_ANALYZER_NONNULL = YES;
				CLANG_ANALYZER_NUMBER_OBJECT_CONVERSION = YES_AGGRESSIVE;
				CLANG_CXX_LANGUAGE_STANDARD = "gnu++20";
				CLANG_ENABLE_MODULES = YES;
				CLANG_ENABLE_OBJC_ARC = YES;
				CLANG_ENABLE_OBJC_WEAK = YES;
				CLANG_WARN_BLOCK_CAPTURE_AUTORELEASING = YES;
				CLANG_WARN_BOOL_CONVERSION = YES;
				CLANG_WARN_COMMA = YES;
				CLANG_WARN_CONSTANT_CONVERSION = YES;
				CLANG_WARN_DEPRECATED_OBJC_IMPLEMENTATIONS = YES;
				CLANG_WARN_DIRECT_OBJC_ISA_USAGE = YES_ERROR;
				CLANG_WARN_DOCUMENTATION_COMMENTS = YES;
				CLANG_WARN_EMPTY_BODY = YES;
				CLANG_WARN_ENUM_CONVERSION = YES;
				CLANG_WARN_INFINITE_RECURSION = YES;
				CLANG_WARN_INT_CONVERSION = YES;
				CLANG_WARN_NON_LITERAL_NULL_CONVERSION = YES;
				CLANG_WARN_OBJC_IMPLICIT_RETAIN_SELF = YES;
				CLANG_WARN_OBJC_LITERAL_CONVERSION = YES;
				CLANG_WARN_OBJC_ROOT_CLASS = YES_ERROR;
				CLANG_WARN_QUOTED_INCLUDE_IN_FRAMEWORK_HEADER = YES;
				CLANG_WARN_RANGE_LOOP_ANALYSIS = YES;
				CLANG_WARN_STRICT_PROTOTYPES = YES;
				CLANG_WARN_SUSPICIOUS_MOVE = YES;
				CLANG_WARN_UNGUARDED_AVAILABILITY = YES_AGGRESSIVE;
				CLANG_WARN_UNREACHABLE_CODE = YES;
				CLANG_WARN__DUPLICATE_METHOD_MATCH = YES;
				COPY_PHASE_STRIP = NO;
				DEBUG_INFORMATION_FORMAT = "dwarf-with-dsym";
				ENABLE_NS_ASSERTIONS = NO;
				ENABLE_STRICT_OBJC_MSGSEND = YES;
				GCC_C_LANGUAGE_STANDARD = gnu11;
				GCC_NO_COMMON_BLOCKS = YES;
				GCC_WARN_64_TO_32_BIT_CONVERSION = YES;
				GCC_WARN_ABOUT_RETURN_TYPE = YES_ERROR;
				GCC_WARN_UNDECLARED_SELECTOR = YES;
				GCC_WARN_UNINITIALIZED_AUTOS = YES_AGGRESSIVE;
				GCC_WARN_UNUSED_FUNCTION = YES;
				GCC_WARN_UNUSED_VARIABLE = YES;
				IPHONEOS_DEPLOYMENT_TARGET = 16.0;
				MTL_ENABLE_DEBUG_INFO = NO;
				MTL_FAST_MATH = YES;
				SDKROOT = iphoneos;
				SWIFT_COMPILATION_MODE = wholemodule;
				SWIFT_OPTIMIZATION_LEVEL = "-O";
				VALIDATE_PRODUCT = YES;
			};
			name = Release;
		};
		CF15A10F29B6BDB40088DA99 /* Debug */ = {
			isa = XCBuildConfiguration;
			buildSettings = {
				ASSETCATALOG_COMPILER_APPICON_NAME = AppIcon;
				ASSETCATALOG_COMPILER_GLOBAL_ACCENT_COLOR_NAME = AccentColor;
				CODE_SIGN_STYLE = Automatic;
				CURRENT_PROJECT_VERSION = 1;
				GENERATE_INFOPLIST_FILE = YES;
				INFOPLIST_FILE = ProjectWithGithub/Info.plist;
				INFOPLIST_KEY_UIApplicationSupportsIndirectInputEvents = YES;
				INFOPLIST_KEY_UILaunchStoryboardName = LaunchScreen;
				INFOPLIST_KEY_UIMainStoryboardFile = Main;
				INFOPLIST_KEY_UISupportedInterfaceOrientations_iPad = "UIInterfaceOrientationPortrait UIInterfaceOrientationPortraitUpsideDown UIInterfaceOrientationLandscapeLeft UIInterfaceOrientationLandscapeRight";
				INFOPLIST_KEY_UISupportedInterfaceOrientations_iPhone = "UIInterfaceOrientationPortrait UIInterfaceOrientationLandscapeLeft UIInterfaceOrientationLandscapeRight";
				LD_RUNPATH_SEARCH_PATHS = (
					"$(inherited)",
					"@executable_path/Frameworks",
				);
				MARKETING_VERSION = 1.0;
				PRODUCT_BUNDLE_IDENTIFIER = br.com.ProjectWithGithub;
				PRODUCT_NAME = "$(TARGET_NAME)";
				SWIFT_EMIT_LOC_STRINGS = YES;
				SWIFT_VERSION = 5.0;
				TARGETED_DEVICE_FAMILY = "1,2";
			};
			name = Debug;
		};
		CF15A11029B6BDB40088DA99 /* Release */ = {
			isa = XCBuildConfiguration;
			buildSettings = {
				ASSETCATALOG_COMPILER_APPICON_NAME = AppIcon;
				ASSETCATALOG_COMPILER_GLOBAL_ACCENT_COLOR_NAME = AccentColor;
				CODE_SIGN_STYLE = Automatic;
				CURRENT_PROJECT_VERSION = 1;
				GENERATE_INFOPLIST_FILE = YES;
				INFOPLIST_FILE = ProjectWithGithub/Info.plist;
				INFOPLIST_KEY_UIApplicationSupportsIndirectInputEvents = YES;
				INFOPLIST_KEY_UILaunchStoryboardName = LaunchScreen;
				INFOPLIST_KEY_UIMainStoryboardFile = Main;
				INFOPLIST_KEY_UISupportedInterfaceOrientations_iPad = "UIInterfaceOrientationPortrait UIInterfaceOrientationPortraitUpsideDown UIInterfaceOrientationLandscapeLeft UIInterfaceOrientationLandscapeRight";
				INFOPLIST_KEY_UISupportedInterfaceOrientations_iPhone = "UIInterfaceOrientationPortrait UIInterfaceOrientationLandscapeLeft UIInterfaceOrientationLandscapeRight";
				LD_RUNPATH_SEARCH_PATHS = (
					"$(inherited)",
					"@executable_path/Frameworks",
				);
				MARKETING_VERSION = 1.0;
				PRODUCT_BUNDLE_IDENTIFIER = br.com.ProjectWithGithub;
				PRODUCT_NAME = "$(TARGET_NAME)";
				SWIFT_EMIT_LOC_STRINGS = YES;
				SWIFT_VERSION = 5.0;
				TARGETED_DEVICE_FAMILY = "1,2";
			};
			name = Release;
		};
		CF15A11229B6BDB40088DA99 /* Debug */ = {
			isa = XCBuildConfiguration;
			buildSettings = {
				ALWAYS_EMBED_SWIFT_STANDARD_LIBRARIES = YES;
				BUNDLE_LOADER = "$(TEST_HOST)";
				CODE_SIGN_STYLE = Automatic;
				CURRENT_PROJECT_VERSION = 1;
				GENERATE_INFOPLIST_FILE = YES;
				IPHONEOS_DEPLOYMENT_TARGET = 16.0;
				MARKETING_VERSION = 1.0;
				PRODUCT_BUNDLE_IDENTIFIER = br.com.ProjectWithGithubTests;
				PRODUCT_NAME = "$(TARGET_NAME)";
				SWIFT_EMIT_LOC_STRINGS = NO;
				SWIFT_VERSION = 5.0;
				TARGETED_DEVICE_FAMILY = "1,2";
				TEST_HOST = "$(BUILT_PRODUCTS_DIR)/ProjectWithGithub.app/$(BUNDLE_EXECUTABLE_FOLDER_PATH)/ProjectWithGithub";
			};
			name = Debug;
		};
		CF15A11329B6BDB40088DA99 /* Release */ = {
			isa = XCBuildConfiguration;
			buildSettings = {
				ALWAYS_EMBED_SWIFT_STANDARD_LIBRARIES = YES;
				BUNDLE_LOADER = "$(TEST_HOST)";
				CODE_SIGN_STYLE = Automatic;
				CURRENT_PROJECT_VERSION = 1;
				GENERATE_INFOPLIST_FILE = YES;
				IPHONEOS_DEPLOYMENT_TARGET = 16.0;
				MARKETING_VERSION = 1.0;
				PRODUCT_BUNDLE_IDENTIFIER = br.com.ProjectWithGithubTests;
				PRODUCT_NAME = "$(TARGET_NAME)";
				SWIFT_EMIT_LOC_STRINGS = NO;
				SWIFT_VERSION = 5.0;
				TARGETED_DEVICE_FAMILY = "1,2";
				TEST_HOST = "$(BUILT_PRODUCTS_DIR)/ProjectWithGithub.app/$(BUNDLE_EXECUTABLE_FOLDER_PATH)/ProjectWithGithub";
			};
			name = Release;
		};
		CF15A11529B6BDB40088DA99 /* Debug */ = {
			isa = XCBuildConfiguration;
			buildSettings = {
				ALWAYS_EMBED_SWIFT_STANDARD_LIBRARIES = YES;
				CODE_SIGN_STYLE = Automatic;
				CURRENT_PROJECT_VERSION = 1;
				GENERATE_INFOPLIST_FILE = YES;
				MARKETING_VERSION = 1.0;
				PRODUCT_BUNDLE_IDENTIFIER = br.com.ProjectWithGithubUITests;
				PRODUCT_NAME = "$(TARGET_NAME)";
				SWIFT_EMIT_LOC_STRINGS = NO;
				SWIFT_VERSION = 5.0;
				TARGETED_DEVICE_FAMILY = "1,2";
				TEST_TARGET_NAME = ProjectWithGithub;
			};
			name = Debug;
		};
		CF15A11629B6BDB40088DA99 /* Release */ = {
			isa = XCBuildConfiguration;
			buildSettings = {
				ALWAYS_EMBED_SWIFT_STANDARD_LIBRARIES = YES;
				CODE_SIGN_STYLE = Automatic;
				CURRENT_PROJECT_VERSION = 1;
				GENERATE_INFOPLIST_FILE = YES;
				MARKETING_VERSION = 1.0;
				PRODUCT_BUNDLE_IDENTIFIER = br.com.ProjectWithGithubUITests;
				PRODUCT_NAME = "$(TARGET_NAME)";
				SWIFT_EMIT_LOC_STRINGS = NO;
				SWIFT_VERSION = 5.0;
				TARGETED_DEVICE_FAMILY = "1,2";
				TEST_TARGET_NAME = ProjectWithGithub;
			};
			name = Release;
		};
/* End XCBuildConfiguration section */

/* Begin XCConfigurationList section */
		CF15A0DF29B6BDB10088DA99 /* Build configuration list for PBXProject "ProjectWithGithub" */ = {
			isa = XCConfigurationList;
			buildConfigurations = (
				CF15A10C29B6BDB40088DA99 /* Debug */,
				CF15A10D29B6BDB40088DA99 /* Release */,
			);
			defaultConfigurationIsVisible = 0;
			defaultConfigurationName = Release;
		};
		CF15A10E29B6BDB40088DA99 /* Build configuration list for PBXNativeTarget "ProjectWithGithub" */ = {
			isa = XCConfigurationList;
			buildConfigurations = (
				CF15A10F29B6BDB40088DA99 /* Debug */,
				CF15A11029B6BDB40088DA99 /* Release */,
			);
			defaultConfigurationIsVisible = 0;
			defaultConfigurationName = Release;
		};
		CF15A11129B6BDB40088DA99 /* Build configuration list for PBXNativeTarget "ProjectWithGithubTests" */ = {
			isa = XCConfigurationList;
			buildConfigurations = (
				CF15A11229B6BDB40088DA99 /* Debug */,
				CF15A11329B6BDB40088DA99 /* Release */,
			);
			defaultConfigurationIsVisible = 0;
			defaultConfigurationName = Release;
		};
		CF15A11429B6BDB40088DA99 /* Build configuration list for PBXNativeTarget "ProjectWithGithubUITests" */ = {
			isa = XCConfigurationList;
			buildConfigurations = (
				CF15A11529B6BDB40088DA99 /* Debug */,
				CF15A11629B6BDB40088DA99 /* Release */,
			);
			defaultConfigurationIsVisible = 0;
			defaultConfigurationName = Release;
		};
/* End XCConfigurationList section */
	};
	rootObject = CF15A0DC29B6BDB10088DA99 /* Project object */;
}
